{
    "version": 3,
    "terraform_version": "0.11.8",
    "serial": 3,
    "lineage": "a07e0f6d-a44a-b10a-72fb-2dde20992e7d",
    "modules": [
        {
            "path": [
                "root"
            ],
            "outputs": {},
            "resources": {
                "aws_iam_role.kuberole": {
                    "type": "aws_iam_role",
                    "depends_on": [],
                    "primary": {
                        "id": "kuberole",
                        "attributes": {
                            "arn": "arn:aws:iam::073263019086:role/kuberole",
                            "assume_role_policy": "{\"Version\":\"2012-10-17\",\"Statement\":[{\"Sid\":\"\",\"Effect\":\"Allow\",\"Principal\":{\"Service\":\"ec2.amazonaws.com\"},\"Action\":\"sts:AssumeRole\"}]}",
                            "create_date": "2020-08-05T14:12:29Z",
                            "description": "",
                            "force_detach_policies": "false",
                            "id": "kuberole",
                            "max_session_duration": "3600",
                            "name": "kuberole",
                            "path": "/",
                            "tags.%": "1",
                            "tags.tag-key": "kuberole",
                            "unique_id": "AROARCDWQ6RHLCL77WA3M"
                        },
                        "meta": {},
                        "tainted": false
                    },
                    "deposed": [],
                    "provider": "provider.aws"
                },
                "aws_iam_role_policy.kube_policy": {
                    "type": "aws_iam_role_policy",
                    "depends_on": [
                        "aws_iam_role.kuberole"
                    ],
                    "primary": {
                        "id": "kuberole:kube_policy",
                        "attributes": {
                            "id": "kuberole:kube_policy",
                            "name": "kube_policy",
                            "policy": "{\n  \"Version\": \"2012-10-17\",\n  \"Statement\": [\n    {\n      \"Effect\": \"Allow\",\n      \"Action\": \"ec2:*\",\n      \"Resource\": \"*\"\n     },\n     {\n      \"Effect\": \"Allow\",\n      \"Action\": \"elasticloadbalancing:*\",\n      \"Resource\": \"*\"\n     },\n     {\n      \"Effect\": \"Allow\",\n      \"Action\": \"autoscaling:*\",\n      \"Resource\": \"*\"\n     }\n  ]\n}\n",
                            "role": "kuberole"
                        },
                        "meta": {},
                        "tainted": false
                    },
                    "deposed": [],
                    "provider": "provider.aws"
                },
                "aws_key_pair.terraform_ec2_key": {
                    "type": "aws_key_pair",
                    "depends_on": [],
                    "primary": {
                        "id": "terraform_ec2_key",
                        "attributes": {
                            "arn": "arn:aws:ec2:us-east-1:073263019086:key-pair/terraform_ec2_key",
                            "fingerprint": "22:25:68:0b:aa:98:d1:05:1e:9f:7d:8b:c9:60:af:8a",
                            "id": "terraform_ec2_key",
                            "key_name": "terraform_ec2_key",
                            "key_pair_id": "key-07a22a12e7b33da77",
                            "public_key": "ssh-rsa AAAAB3NzaC1yc2EAAAADAQABAAABAQCamhVhO/NYiQ76reZFinEmQvqwf8zglJz+nxHpKNg7GVYnvfUrAxVFy2ZTvXyYjbsbmHfs068SUAhcD7uHAmAzxQEyDCA1RBaFZ2QFV0kX3MbwOlG++abpvZUTkh+PHTRRgPn+vKRYmw5fjzmkZxtiecF2sWNT9XlJOOhiH9lB1zJ8PnEIT5Sgtx6LqKIoNn5VxS2IfRw+AVzdMJEnb+PBXWcOy3q4TOjM6ygMA1WqLGIzkBOdIMXP/IPG3AXmBYk3Ly7veumaWp8CBZVIq9te9TlHCM4po6c6M3509n80w04SDkMl6qfjxBx3b3cEwSEA7yCMgo6fsZS52WUmiS0b root@DESKTOP-0M019OH",
                            "tags.%": "0"
                        },
                        "meta": {
                            "schema_version": "1"
                        },
                        "tainted": false
                    },
                    "deposed": [],
                    "provider": "provider.aws"
                }
            },
            "depends_on": []
        }
    ]
}
